
Microsoft Visual Studio Solution File, Format Version 12.00
# Visual Studio Version 17
VisualStudioVersion = 17.4.33213.308
MinimumVisualStudioVersion = 10.0.40219.1
Project("{FAE04EC0-301F-11D3-BF4B-00C04F79EFBC}") = "TeofilTravel", "TeofilTravel\TeofilTravel.csproj", "{431CD879-5892-434B-A964-E55DA50CD15C}"
EndProject
Global
	GlobalSection(SolutionConfigurationPlatforms) = preSolution
		Debug|Any CPU = Debug|Any CPU
		Release|Any CPU = Release|Any CPU
	EndGlobalSection
	GlobalSection(ProjectConfigurationPlatforms) = postSolution
		{431CD879-5892-434B-A964-E55DA50CD15C}.Debug|Any CPU.ActiveCfg = Debug|Any CPU
		{431CD879-5892-434B-A964-E55DA50CD15C}.Debug|Any CPU.Build.0 = Debug|Any CPU
		{431CD879-5892-434B-A964-E55DA50CD15C}.Release|Any CPU.ActiveCfg = Release|Any CPU
		{431CD879-5892-434B-A964-E55DA50CD15C}.Release|Any CPU.Build.0 = Release|Any CPU
	EndGlobalSection
	GlobalSection(SolutionProperties) = preSolution
		HideSolutionNode = FALSE
	EndGlobalSection
	GlobalSection(ExtensibilityGlobals) = postSolution
		SolutionGuid = {349F565C-A692-4873-B483-9041B7815FE9}
	EndGlobalSection
EndGlobal
